{
  "version": 1,
  "dependencies": {
    ".NETFramework,Version=v4.8": {
      "ExMod.Exiled": {
        "type": "Direct",
        "requested": "[9.3.0, )",
        "resolved": "9.3.0",
        "contentHash": "WLeFL5T1B7TQhn5oloeEX8RF0Vy943bTmxgfR+4GtEjxQMLp0cnj0OFvo2d/V0TxfG68hVbugVANA2Koq9s+Kw=="
      },
      "Microsoft.NETFramework.ReferenceAssemblies": {
        "type": "Direct",
        "requested": "[1.0.3, )",
        "resolved": "1.0.3",
        "contentHash": "vUc9Npcs14QsyOD01tnv/m8sQUnGTGOw1BCmKcv77LBJY7OxhJ+zJF7UD/sCL3lYNFuqmQEVlkfS4Quif6FyYg==",
        "dependencies": {
          "Microsoft.NETFramework.ReferenceAssemblies.net48": "1.0.3"
        }
      },
      "Microsoft.NETFramework.ReferenceAssemblies.net48": {
        "type": "Transitive",
        "resolved": "1.0.3",
        "contentHash": "zMk4D+9zyiEWByyQ7oPImPN/Jhpj166Ky0Nlla4eXlNL8hI/BtSJsgR8Inldd4NNpIAH3oh8yym0W2DrhXdSLQ=="
      }
    }
  }
}