{
  "version": 1,
  "dependencies": {
    ".NETFramework,Version=v4.8": {
      "ExMod.Exiled": {
        "type": "Direct",
        "requested": "[9.5.0, )",
        "resolved": "9.5.0",
        "contentHash": "enAtwySPTIoqBDP+HWqmfqnycy4xxSG7nD+e28V4pgmlvYOT8fHo2yNVJMeB4puSqlyYbDk02UjEKS1Z8Eb/+A=="
      }
    }
  }
}